
Microsoft Visual Studio Solution File, Format Version 12.00
# Visual Studio 15
VisualStudioVersion = 15.0.28307.1433
MinimumVisualStudioVersion = 10.0.40219.1
Project("{FAE04EC0-301F-11D3-BF4B-00C04F79EFBC}") = "CSharpAdoNet", "CSharpAdoNet\CSharpAdoNet.csproj", "{442C70A9-D11A-4430-BD20-5D0161A72EE6}"
EndProject
Global
	GlobalSection(SolutionConfigurationPlatforms) = preSolution
		Debug|Any CPU = Debug|Any CPU
		Release|Any CPU = Release|Any CPU
	EndGlobalSection
	GlobalSection(ProjectConfigurationPlatforms) = postSolution
		{442C70A9-D11A-4430-BD20-5D0161A72EE6}.Debug|Any CPU.ActiveCfg = Debug|Any CPU
		{442C70A9-D11A-4430-BD20-5D0161A72EE6}.Debug|Any CPU.Build.0 = Debug|Any CPU
		{442C70A9-D11A-4430-BD20-5D0161A72EE6}.Release|Any CPU.ActiveCfg = Release|Any CPU
		{442C70A9-D11A-4430-BD20-5D0161A72EE6}.Release|Any CPU.Build.0 = Release|Any CPU
	EndGlobalSection
	GlobalSection(SolutionProperties) = preSolution
		HideSolutionNode = FALSE
	EndGlobalSection
	GlobalSection(ExtensibilityGlobals) = postSolution
		SolutionGuid = {9A3AB966-59DF-4AC2-8B96-03D77A392E81}
	EndGlobalSection
EndGlobal
